
Microsoft Visual Studio Solution File, Format Version 12.00
# Visual Studio Version 17
VisualStudioVersion = 17.5.002.0
MinimumVisualStudioVersion = 10.0.40219.1
Project("{9A19103F-16F7-4668-BE54-9A1E7A4F7556}") = "SaveBills", "SaveBills.csproj", "{15B746C1-0CD2-4473-A483-159D81EFFA77}"
EndProject
Global
	GlobalSection(SolutionConfigurationPlatforms) = preSolution
		Debug|Any CPU = Debug|Any CPU
		Release|Any CPU = Release|Any CPU
	EndGlobalSection
	GlobalSection(ProjectConfigurationPlatforms) = postSolution
		{15B746C1-0CD2-4473-A483-159D81EFFA77}.Debug|Any CPU.ActiveCfg = Debug|Any CPU
		{15B746C1-0CD2-4473-A483-159D81EFFA77}.Debug|Any CPU.Build.0 = Debug|Any CPU
		{15B746C1-0CD2-4473-A483-159D81EFFA77}.Release|Any CPU.ActiveCfg = Release|Any CPU
		{15B746C1-0CD2-4473-A483-159D81EFFA77}.Release|Any CPU.Build.0 = Release|Any CPU
	EndGlobalSection
	GlobalSection(SolutionProperties) = preSolution
		HideSolutionNode = FALSE
	EndGlobalSection
	GlobalSection(ExtensibilityGlobals) = postSolution
		SolutionGuid = {2D8783E5-8E6A-40E2-B94F-E089BE1A3162}
	EndGlobalSection
EndGlobal
